
Microsoft Visual Studio Solution File, Format Version 12.00
# Visual Studio Version 17
VisualStudioVersion = 17.13.35818.85 d17.13
MinimumVisualStudioVersion = 10.0.40219.1
Project("{FAE04EC0-301F-11D3-BF4B-00C04F79EFBC}") = "CybersecurityChatbotGUI", "CybersecurityChatbotGUI.csproj", "{18F1C8FD-F2AD-429E-9D4F-34B012675531}"
EndProject
Global
	GlobalSection(SolutionConfigurationPlatforms) = preSolution
		Debug|Any CPU = Debug|Any CPU
		Release|Any CPU = Release|Any CPU
	EndGlobalSection
	GlobalSection(ProjectConfigurationPlatforms) = postSolution
		{18F1C8FD-F2AD-429E-9D4F-34B012675531}.Debug|Any CPU.ActiveCfg = Debug|Any CPU
		{18F1C8FD-F2AD-429E-9D4F-34B012675531}.Debug|Any CPU.Build.0 = Debug|Any CPU
		{18F1C8FD-F2AD-429E-9D4F-34B012675531}.Release|Any CPU.ActiveCfg = Release|Any CPU
		{18F1C8FD-F2AD-429E-9D4F-34B012675531}.Release|Any CPU.Build.0 = Release|Any CPU
	EndGlobalSection
	GlobalSection(SolutionProperties) = preSolution
		HideSolutionNode = FALSE
	EndGlobalSection
	GlobalSection(ExtensibilityGlobals) = postSolution
		SolutionGuid = {FD3FD4FA-1613-4FFF-B4D0-85D71F062CC2}
	EndGlobalSection
EndGlobal
